
Microsoft Visual Studio Solution File, Format Version 12.00
Project("{FAE04EC0-301F-11D3-BF4B-00C04F79EFBC}") = "Kicker.UI", "Kicker.UI.csproj", "{09845E1A-4FC7-452C-8FE2-94577D456584}"
EndProject
Project("{F2A71F9B-5D33-465A-A702-920D77279786}") = "Kicker.Domain", "..\Kicker.Domain\Kicker.Domain.fsproj", "{EF25F680-3ADD-4360-999E-DB686AAF471C}"
EndProject
Global
	GlobalSection(SolutionConfigurationPlatforms) = preSolution
		Debug|Any CPU = Debug|Any CPU
		Release|Any CPU = Release|Any CPU
	EndGlobalSection
	GlobalSection(ProjectConfigurationPlatforms) = postSolution
		{09845E1A-4FC7-452C-8FE2-94577D456584}.Debug|Any CPU.ActiveCfg = Debug|Any CPU
		{09845E1A-4FC7-452C-8FE2-94577D456584}.Debug|Any CPU.Build.0 = Debug|Any CPU
		{09845E1A-4FC7-452C-8FE2-94577D456584}.Release|Any CPU.ActiveCfg = Debug|Any CPU
		{09845E1A-4FC7-452C-8FE2-94577D456584}.Release|Any CPU.Build.0 = Debug|Any CPU
		{EF25F680-3ADD-4360-999E-DB686AAF471C}.Debug|Any CPU.ActiveCfg = Debug|Any CPU
		{EF25F680-3ADD-4360-999E-DB686AAF471C}.Debug|Any CPU.Build.0 = Debug|Any CPU
		{EF25F680-3ADD-4360-999E-DB686AAF471C}.Release|Any CPU.ActiveCfg = Release|Any CPU
		{EF25F680-3ADD-4360-999E-DB686AAF471C}.Release|Any CPU.Build.0 = Release|Any CPU
	EndGlobalSection
EndGlobal
